<?xml version="1.0"?>
<CONFIG>
  <ProjectOptions>
    <PathDelim Value="\"/>
    <Version Value="7"/>
    <General>
      <Flags>
        <MainUnitHasTitleStatement Value="False"/>
      </Flags>
      <MainUnit Value="0"/>
      <TargetFileExt Value=".exe"/>
      <Title Value="LPSolveIDE"/>
      <Icon Value="0"/>
      <UseXPManifest Value="True"/>
      <ActiveEditorIndexAtStart Value="1"/>
    </General>
    <VersionInfo>
      <UseVersionInfo Value="True"/>
      <CurrentVersionNr Value="5"/>
      <CurrentMajorRevNr Value="5"/>
      <CurrentBuildNr Value="15"/>
      <ProjectVersion Value="5.5.0.15"/>
      <InternalName Value="LPsolveIDE55Laz"/>
    </VersionInfo>
    <PublishOptions>
      <Version Value="2"/>
      <IgnoreBinaries Value="False"/>
      <IncludeFileFilter Value="*.(pas|pp|inc|lfm|lpr|lrs|lpi|lpk|sh|xml)"/>
      <ExcludeFileFilter Value="*.(bak|ppu|ppw|o|so);*~;backup"/>
    </PublishOptions>
    <RunParams>
      <local>
        <FormatVersion Value="1"/>
        <LaunchingApplication PathPlusParams="/usr/X11R6/bin/xterm -T 'Lazarus Run Output' -e $(LazarusDir)/tools/runwait.sh $(TargetCmdLine)"/>
        <WorkingDirectory Value="C:\LAAzProj\IDE16\ppus"/>
      </local>
    </RunParams>
    <RequiredPackages Count="3">
      <Item1>
        <PackageName Value="virtualtreeslcl"/>
      </Item1>
      <Item2>
        <PackageName Value="SynEdit"/>
      </Item2>
      <Item3>
        <PackageName Value="LCL"/>
      </Item3>
    </RequiredPackages>
    <Units Count="61">
      <Unit0>
        <Filename Value="LPSolveIDE.dpr"/>
        <IsPartOfProject Value="True"/>
        <UnitName Value="LPSolveIDE"/>
        <CursorPos X="1" Y="79"/>
        <TopLine Value="50"/>
        <EditorIndex Value="7"/>
        <UsageCount Value="218"/>
        <Loaded Value="True"/>
      </Unit0>
      <Unit1>
        <Filename Value="main.pas"/>
        <ComponentName Value="MainForm"/>
        <HasResources Value="True"/>
        <ResourceBaseClass Value="Form"/>
        <UnitName Value="main"/>
        <CursorPos X="1" Y="1958"/>
        <TopLine Value="1942"/>
        <EditorIndex Value="0"/>
        <UsageCount Value="108"/>
        <Loaded Value="True"/>
      </Unit1>
      <Unit2>
        <Filename Value="ResultArray.pas"/>
        <IsPartOfProject Value="True"/>
        <UnitName Value="ResultArray"/>
        <CursorPos X="35" Y="86"/>
        <TopLine Value="1"/>
        <UsageCount Value="218"/>
      </Unit2>
      <Unit3>
        <Filename Value="lpsolve.pas"/>
        <IsPartOfProject Value="True"/>
        <UnitName Value="lpsolve"/>
        <CursorPos X="24" Y="611"/>
        <TopLine Value="1"/>
        <UsageCount Value="218"/>
      </Unit3>
      <Unit4>
        <Filename Value="lpobject.pas"/>
        <IsPartOfProject Value="True"/>
        <UnitName Value="lpobject"/>
        <CursorPos X="68" Y="1260"/>
        <TopLine Value="1249"/>
        <UsageCount Value="218"/>
      </Unit4>
      <Unit5>
        <Filename Value="dlgSearchText.pas"/>
        <ComponentName Value="TextSearchDialog"/>
        <HasResources Value="True"/>
        <IsPartOfProject Value="True"/>
        <ResourceBaseClass Value="Form"/>
        <UnitName Value="dlgSearchText"/>
        <CursorPos X="51" Y="25"/>
        <TopLine Value="1"/>
        <UsageCount Value="218"/>
      </Unit5>
      <Unit6>
        <Filename Value="dlgSearchText.lfm"/>
        <IsPartOfProject Value="True"/>
        <CursorPos X="1" Y="1"/>
        <TopLine Value="1"/>
        <UsageCount Value="218"/>
        <SyntaxHighlighter Value="LFM"/>
      </Unit6>
      <Unit7>
        <Filename Value="..\virtualtreeview\virtualtrees.pas"/>
        <IsPartOfProject Value="True"/>
        <UnitName Value="VirtualTrees"/>
        <CursorPos X="45" Y="6520"/>
        <TopLine Value="6500"/>
        <UsageCount Value="208"/>
      </Unit7>
      <Unit8>
        <Filename Value="LPSynedit.pas"/>
        <UnitName Value="LPSynedit"/>
        <CursorPos X="1" Y="52"/>
        <TopLine Value="36"/>
        <UsageCount Value="82"/>
      </Unit8>
      <Unit9>
        <Filename Value="..\virtualtreeview\windows\virtualtreeslcl.pas"/>
        <UnitName Value="virtualtreeslcl"/>
        <CursorPos X="10" Y="22"/>
        <TopLine Value="1"/>
        <UsageCount Value="22"/>
      </Unit9>
      <Unit10>
        <Filename Value=""/>
        <UsageCount Value="6"/>
      </Unit10>
      <Unit11>
        <Filename Value="..\..\lcl\menus.pp"/>
        <IsPartOfProject Value="True"/>
        <UnitName Value="Menus"/>
        <CursorPos X="22" Y="180"/>
        <TopLine Value="177"/>
        <UsageCount Value="274"/>
      </Unit11>
      <Unit12>
        <Filename Value="dlgConfirmReplace.pas"/>
        <ComponentName Value="ConfirmReplaceDialog"/>
        <HasResources Value="True"/>
        <ResourceBaseClass Value="Form"/>
        <UnitName Value="dlgConfirmReplace"/>
        <CursorPos X="65" Y="8"/>
        <TopLine Value="1"/>
        <UsageCount Value="6"/>
      </Unit12>
      <Unit13>
        <Filename Value="dlgStatistics.pas"/>
        <ComponentName Value="StatisticsForm"/>
        <HasResources Value="True"/>
        <ResourceBaseClass Value="Form"/>
        <UnitName Value="dlgStatistics"/>
        <CursorPos X="65" Y="6"/>
        <TopLine Value="1"/>
        <EditorIndex Value="6"/>
        <UsageCount Value="98"/>
        <Loaded Value="True"/>
      </Unit13>
      <Unit14>
        <Filename Value="dlgAbout.pas"/>
        <ComponentName Value="AboutForm"/>
        <HasResources Value="True"/>
        <ResourceBaseClass Value="Form"/>
        <UnitName Value="dlgAbout"/>
        <CursorPos X="1" Y="32"/>
        <TopLine Value="16"/>
        <EditorIndex Value="5"/>
        <UsageCount Value="22"/>
        <Loaded Value="True"/>
      </Unit14>
      <Unit15>
        <Filename Value="Params.pas"/>
        <UnitName Value="Params"/>
        <CursorPos X="65" Y="6"/>
        <TopLine Value="1"/>
        <UsageCount Value="96"/>
      </Unit15>
      <Unit16>
        <Filename Value="..\..\Lazarus\components\synedit\synedit.pp"/>
        <UnitName Value="SynEdit"/>
        <CursorPos X="1" Y="5955"/>
        <TopLine Value="5939"/>
        <EditorIndex Value="8"/>
        <UsageCount Value="106"/>
        <Loaded Value="True"/>
      </Unit16>
      <Unit17>
        <Filename Value="..\..\Lazarus\fpc\2.2.2\source\rtl\win\sysutils.pp"/>
        <IsPartOfProject Value="True"/>
        <UnitName Value="sysutils"/>
        <CursorPos X="64" Y="1211"/>
        <TopLine Value="1195"/>
        <UsageCount Value="224"/>
      </Unit17>
      <Unit18>
        <Filename Value="..\..\Lazarus\fpc\2.2.2\source\packages\winunits-jedi\src\ModuleLoader.pas"/>
        <UnitName Value="ModuleLoader"/>
        <CursorPos X="26" Y="123"/>
        <TopLine Value="97"/>
        <UsageCount Value="29"/>
      </Unit18>
      <Unit19>
        <Filename Value="..\..\Lazarus\components\synedit\synmemo.pas"/>
        <UnitName Value="SynMemo"/>
        <CursorPos X="3" Y="69"/>
        <TopLine Value="53"/>
        <UsageCount Value="28"/>
      </Unit19>
      <Unit20>
        <Filename Value="..\..\Lazarus\lcl\clipbrd.pp"/>
        <UnitName Value="Clipbrd"/>
        <CursorPos X="14" Y="228"/>
        <TopLine Value="212"/>
        <UsageCount Value="29"/>
      </Unit20>
      <Unit21>
        <Filename Value="..\..\Lazarus\fpc\2.2.2\source\rtl\objpas\classes\classesh.inc"/>
        <CursorPos X="28" Y="30"/>
        <TopLine Value="14"/>
        <UsageCount Value="64"/>
      </Unit21>
      <Unit22>
        <Filename Value="..\..\Lazarus\components\virtualtreeview\virtualstringtree.pas"/>
        <UnitName Value="VirtualStringTree"/>
        <CursorPos X="14" Y="209"/>
        <TopLine Value="67"/>
        <UsageCount Value="13"/>
      </Unit22>
      <Unit23>
        <Filename Value="..\..\Lazarus\lcl\comctrls.pp"/>
        <UnitName Value="ComCtrls"/>
        <CursorPos X="3" Y="1692"/>
        <TopLine Value="67"/>
        <UsageCount Value="13"/>
      </Unit23>
      <Unit24>
        <Filename Value="SynExportHTML.pas"/>
        <UnitName Value="SynExportHTML"/>
        <CursorPos X="46" Y="421"/>
        <TopLine Value="404"/>
        <UsageCount Value="6"/>
      </Unit24>
      <Unit25>
        <Filename Value="..\..\Lazarus\lcl\include\application.inc"/>
        <CursorPos X="1" Y="1867"/>
        <TopLine Value="1851"/>
        <EditorIndex Value="3"/>
        <UsageCount Value="84"/>
        <Loaded Value="True"/>
      </Unit25>
      <Unit26>
        <Filename Value="dlgXLIParameters.pas"/>
        <ComponentName Value="XLIParametersForm"/>
        <HasResources Value="True"/>
        <ResourceBaseClass Value="Form"/>
        <UnitName Value="dlgXLIParameters"/>
        <CursorPos X="51" Y="25"/>
        <TopLine Value="1"/>
        <UsageCount Value="12"/>
      </Unit26>
      <Unit27>
        <Filename Value="main.lfm"/>
        <CursorPos X="30" Y="52"/>
        <TopLine Value="34"/>
        <EditorIndex Value="4"/>
        <UsageCount Value="21"/>
        <Loaded Value="True"/>
        <SyntaxHighlighter Value="LFM"/>
      </Unit27>
      <Unit28>
        <Filename Value="..\..\Lazarus\lcl\include\customform.inc"/>
        <CursorPos X="1" Y="1624"/>
        <TopLine Value="1608"/>
        <UsageCount Value="72"/>
      </Unit28>
      <Unit29>
        <Filename Value="..\..\Lazarus\lcl\include\control.inc"/>
        <CursorPos X="1" Y="985"/>
        <TopLine Value="969"/>
        <UsageCount Value="13"/>
      </Unit29>
      <Unit30>
        <Filename Value="..\..\Lazarus\lcl\lclproc.pas"/>
        <UnitName Value="LCLProc"/>
        <CursorPos X="1" Y="1482"/>
        <TopLine Value="1466"/>
        <UsageCount Value="64"/>
      </Unit30>
      <Unit31>
        <Filename Value="..\..\Lazarus\lcl\include\wincontrol.inc"/>
        <CursorPos X="1" Y="3230"/>
        <TopLine Value="3214"/>
        <EditorIndex Value="1"/>
        <UsageCount Value="18"/>
        <Loaded Value="True"/>
      </Unit31>
      <Unit32>
        <Filename Value="..\..\Lazarus\lcl\lresources.pp"/>
        <UnitName Value="LResources"/>
        <CursorPos X="1" Y="2978"/>
        <TopLine Value="2962"/>
        <UsageCount Value="74"/>
      </Unit32>
      <Unit33>
        <Filename Value="..\..\Lazarus\fpc\2.2.2\source\rtl\win\sysosh.inc"/>
        <CursorPos X="3" Y="22"/>
        <TopLine Value="6"/>
        <UsageCount Value="64"/>
      </Unit33>
      <Unit34>
        <Filename Value="..\..\Lazarus\fpc\2.2.2\source\rtl\objpas\objpas.pp"/>
        <UnitName Value="objpas"/>
        <CursorPos X="8" Y="29"/>
        <TopLine Value="13"/>
        <UsageCount Value="63"/>
      </Unit34>
      <Unit35>
        <Filename Value="..\..\Lazarus\lcl\include\customnotebook.inc"/>
        <CursorPos X="1" Y="458"/>
        <TopLine Value="442"/>
        <UsageCount Value="22"/>
      </Unit35>
      <Unit36>
        <Filename Value="LPHighlighter.pas"/>
        <UnitName Value="LPHighlighter"/>
        <CursorPos X="1" Y="658"/>
        <TopLine Value="642"/>
        <UsageCount Value="13"/>
      </Unit36>
      <Unit37>
        <Filename Value="..\..\Lazarus\components\synedit\synedittypes.pp"/>
        <UnitName Value="SynEditTypes"/>
        <CursorPos X="1" Y="1"/>
        <TopLine Value="34"/>
        <UsageCount Value="4"/>
      </Unit37>
      <Unit38>
        <Filename Value="..\..\Lazarus\components\synedit\syneditmiscclasses.pp"/>
        <UnitName Value="SynEditMiscClasses"/>
        <CursorPos X="3" Y="56"/>
        <TopLine Value="40"/>
        <UsageCount Value="4"/>
      </Unit38>
      <Unit39>
        <Filename Value="..\..\Lazarus\lcl\lclclasses.pp"/>
        <UnitName Value="LCLClasses"/>
        <CursorPos X="1" Y="88"/>
        <TopLine Value="72"/>
        <UsageCount Value="13"/>
      </Unit39>
      <Unit40>
        <Filename Value="..\..\Lazarus\lcl\widgetset\wslclclasses.pp"/>
        <UnitName Value="WSLCLClasses"/>
        <CursorPos X="1" Y="138"/>
        <TopLine Value="122"/>
        <UsageCount Value="13"/>
      </Unit40>
      <Unit41>
        <Filename Value="..\..\Lazarus\lcl\include\customcontrol.inc"/>
        <CursorPos X="1" Y="109"/>
        <TopLine Value="93"/>
        <UsageCount Value="18"/>
      </Unit41>
      <Unit42>
        <Filename Value="..\..\Lazarus\lcl\include\scrollingwincontrol.inc"/>
        <CursorPos X="1" Y="242"/>
        <TopLine Value="226"/>
        <UsageCount Value="11"/>
      </Unit42>
      <Unit43>
        <Filename Value="..\..\Lazarus\lcl\include\controlcanvas.inc"/>
        <CursorPos X="1" Y="58"/>
        <TopLine Value="38"/>
        <UsageCount Value="11"/>
      </Unit43>
      <Unit44>
        <Filename Value="..\..\Lazarus\lcl\include\containedaction.inc"/>
        <CursorPos X="1" Y="106"/>
        <TopLine Value="85"/>
        <UsageCount Value="6"/>
      </Unit44>
      <Unit45>
        <Filename Value="..\..\Lazarus\lcl\include\customaction.inc"/>
        <CursorPos X="1" Y="253"/>
        <TopLine Value="237"/>
        <UsageCount Value="6"/>
      </Unit45>
      <Unit46>
        <Filename Value="..\..\Lazarus\lcl\include\menu.inc"/>
        <CursorPos X="1" Y="39"/>
        <TopLine Value="23"/>
        <UsageCount Value="6"/>
      </Unit46>
      <Unit47>
        <Filename Value="..\..\Lazarus\components\synedit\synedittextbuffer.pp"/>
        <UnitName Value="SynEditTextBuffer"/>
        <CursorPos X="1" Y="520"/>
        <TopLine Value="504"/>
        <UsageCount Value="6"/>
      </Unit47>
      <Unit48>
        <Filename Value="..\..\Lazarus\lcl\forms.pp"/>
        <UnitName Value="Forms"/>
        <CursorPos X="1" Y="1500"/>
        <TopLine Value="1484"/>
        <UsageCount Value="15"/>
      </Unit48>
      <Unit49>
        <Filename Value="..\..\Lazarus\fpc\2.2.2\source\packages\winunits-jedi\src\jwawingdi.pas"/>
        <UnitName Value="JwaWinGDI"/>
        <CursorPos X="11" Y="61"/>
        <TopLine Value="45"/>
        <UsageCount Value="6"/>
      </Unit49>
      <Unit50>
        <Filename Value="..\..\Lazarus\lcl\include\interfacebase.inc"/>
        <CursorPos X="1" Y="49"/>
        <TopLine Value="33"/>
        <UsageCount Value="6"/>
      </Unit50>
      <Unit51>
        <Filename Value="..\..\Lazarus\components\synedit\synedithighlighter.pp"/>
        <UnitName Value="SynEditHighlighter"/>
        <CursorPos X="25" Y="270"/>
        <TopLine Value="254"/>
        <UsageCount Value="13"/>
      </Unit51>
      <Unit52>
        <Filename Value="..\..\Lazarus\components\synedit\syneditfoldedview.pp"/>
        <UnitName Value="SynEditFoldedView"/>
        <CursorPos X="1" Y="1639"/>
        <TopLine Value="1623"/>
        <UsageCount Value="13"/>
      </Unit52>
      <Unit53>
        <Filename Value="..\..\Lazarus\lcl\include\canvas.inc"/>
        <CursorPos X="1" Y="1502"/>
        <TopLine Value="1486"/>
        <UsageCount Value="10"/>
      </Unit53>
      <Unit54>
        <Filename Value="..\..\Lazarus\lcl\lclmessageglue.pas"/>
        <UnitName Value="LCLMessageGlue"/>
        <CursorPos X="1" Y="109"/>
        <TopLine Value="93"/>
        <UsageCount Value="10"/>
      </Unit54>
      <Unit55>
        <Filename Value="..\..\Lazarus\lcl\interfaces\win32\win32callback.inc"/>
        <CursorPos X="84" Y="2571"/>
        <TopLine Value="2553"/>
        <UsageCount Value="10"/>
      </Unit55>
      <Unit56>
        <Filename Value="..\..\Lazarus\lcl\include\custompage.inc"/>
        <CursorPos X="1" Y="224"/>
        <TopLine Value="208"/>
        <UsageCount Value="8"/>
      </Unit56>
      <Unit57>
        <Filename Value="..\..\Lazarus\lcl\widgetset\wscontrols.pp"/>
        <UnitName Value="WSControls"/>
        <CursorPos X="1" Y="177"/>
        <TopLine Value="161"/>
        <UsageCount Value="8"/>
      </Unit57>
      <Unit58>
        <Filename Value="..\..\Lazarus\lcl\include\winapi.inc"/>
        <CursorPos X="1" Y="375"/>
        <TopLine Value="359"/>
        <UsageCount Value="8"/>
      </Unit58>
      <Unit59>
        <Filename Value="..\..\Lazarus\lcl\controls.pp"/>
        <UnitName Value="Controls"/>
        <CursorPos X="8" Y="2418"/>
        <TopLine Value="2402"/>
        <EditorIndex Value="2"/>
        <UsageCount Value="10"/>
        <Loaded Value="True"/>
      </Unit59>
      <Unit60>
        <Filename Value="dlgAbout.lfm"/>
        <CursorPos X="1" Y="1"/>
        <TopLine Value="1"/>
        <UsageCount Value="21"/>
        <SyntaxHighlighter Value="LFM"/>
      </Unit60>
    </Units>
    <JumpHistory Count="30" HistoryIndex="29">
      <Position1>
        <Filename Value="..\..\Lazarus\lcl\controls.pp"/>
        <Caret Line="2418" Column="1" TopLine="2402"/>
      </Position1>
      <Position2>
        <Filename Value="..\..\Lazarus\lcl\controls.pp"/>
        <Caret Line="2453" Column="1" TopLine="2437"/>
      </Position2>
      <Position3>
        <Filename Value="..\..\Lazarus\lcl\include\wincontrol.inc"/>
        <Caret Line="3230" Column="1" TopLine="3214"/>
      </Position3>
      <Position4>
        <Filename Value="..\..\Lazarus\lcl\include\wincontrol.inc"/>
        <Caret Line="3388" Column="1" TopLine="3372"/>
      </Position4>
      <Position5>
        <Filename Value="..\..\Lazarus\lcl\controls.pp"/>
        <Caret Line="2418" Column="8" TopLine="2402"/>
      </Position5>
      <Position6>
        <Filename Value="..\..\Lazarus\lcl\include\application.inc"/>
        <Caret Line="1867" Column="1" TopLine="1851"/>
      </Position6>
      <Position7>
        <Filename Value="LPSolveIDE.dpr"/>
        <Caret Line="79" Column="1" TopLine="50"/>
      </Position7>
      <Position8>
        <Filename Value="..\..\Lazarus\lcl\include\wincontrol.inc"/>
        <Caret Line="3230" Column="1" TopLine="3214"/>
      </Position8>
      <Position9>
        <Filename Value="..\..\Lazarus\lcl\include\wincontrol.inc"/>
        <Caret Line="3388" Column="1" TopLine="3372"/>
      </Position9>
      <Position10>
        <Filename Value="..\..\Lazarus\lcl\include\wincontrol.inc"/>
        <Caret Line="4102" Column="1" TopLine="4086"/>
      </Position10>
      <Position11>
        <Filename Value="..\..\Lazarus\lcl\include\wincontrol.inc"/>
        <Caret Line="4099" Column="1" TopLine="4083"/>
      </Position11>
      <Position12>
        <Filename Value="..\..\Lazarus\lcl\include\wincontrol.inc"/>
        <Caret Line="4100" Column="1" TopLine="4084"/>
      </Position12>
      <Position13>
        <Filename Value="..\..\Lazarus\lcl\include\wincontrol.inc"/>
        <Caret Line="3230" Column="1" TopLine="3214"/>
      </Position13>
      <Position14>
        <Filename Value="..\..\Lazarus\lcl\include\wincontrol.inc"/>
        <Caret Line="3388" Column="1" TopLine="3372"/>
      </Position14>
      <Position15>
        <Filename Value="..\..\Lazarus\lcl\include\wincontrol.inc"/>
        <Caret Line="4102" Column="1" TopLine="4086"/>
      </Position15>
      <Position16>
        <Filename Value="..\..\Lazarus\lcl\include\wincontrol.inc"/>
        <Caret Line="4099" Column="1" TopLine="4083"/>
      </Position16>
      <Position17>
        <Filename Value="..\..\Lazarus\lcl\include\wincontrol.inc"/>
        <Caret Line="4100" Column="1" TopLine="4084"/>
      </Position17>
      <Position18>
        <Filename Value="..\..\Lazarus\lcl\include\wincontrol.inc"/>
        <Caret Line="3230" Column="1" TopLine="3214"/>
      </Position18>
      <Position19>
        <Filename Value="..\..\Lazarus\lcl\include\wincontrol.inc"/>
        <Caret Line="3388" Column="1" TopLine="3372"/>
      </Position19>
      <Position20>
        <Filename Value="..\..\Lazarus\lcl\include\wincontrol.inc"/>
        <Caret Line="4102" Column="1" TopLine="4086"/>
      </Position20>
      <Position21>
        <Filename Value="..\..\Lazarus\lcl\include\wincontrol.inc"/>
        <Caret Line="3230" Column="1" TopLine="3214"/>
      </Position21>
      <Position22>
        <Filename Value="..\..\Lazarus\lcl\include\wincontrol.inc"/>
        <Caret Line="3388" Column="1" TopLine="3372"/>
      </Position22>
      <Position23>
        <Filename Value="..\..\Lazarus\lcl\include\wincontrol.inc"/>
        <Caret Line="3230" Column="1" TopLine="3214"/>
      </Position23>
      <Position24>
        <Filename Value="..\..\Lazarus\lcl\include\wincontrol.inc"/>
        <Caret Line="3388" Column="1" TopLine="3372"/>
      </Position24>
      <Position25>
        <Filename Value="..\..\Lazarus\lcl\include\wincontrol.inc"/>
        <Caret Line="3230" Column="1" TopLine="3214"/>
      </Position25>
      <Position26>
        <Filename Value="..\..\Lazarus\lcl\include\wincontrol.inc"/>
        <Caret Line="3388" Column="1" TopLine="3372"/>
      </Position26>
      <Position27>
        <Filename Value="..\..\Lazarus\lcl\include\wincontrol.inc"/>
        <Caret Line="3230" Column="1" TopLine="3214"/>
      </Position27>
      <Position28>
        <Filename Value="..\..\Lazarus\lcl\include\wincontrol.inc"/>
        <Caret Line="3388" Column="1" TopLine="3372"/>
      </Position28>
      <Position29>
        <Filename Value="..\..\Lazarus\lcl\include\wincontrol.inc"/>
        <Caret Line="3230" Column="1" TopLine="3214"/>
      </Position29>
      <Position30>
        <Filename Value="..\..\Lazarus\lcl\include\wincontrol.inc"/>
        <Caret Line="3388" Column="1" TopLine="3372"/>
      </Position30>
    </JumpHistory>
  </ProjectOptions>
  <CompilerOptions>
    <Version Value="8"/>
    <PathDelim Value="\"/>
    <SearchPaths>
      <IncludeFiles Value="$(ProjOutDir)\;C:\Lazarus\lcl\include\;C:\Lazarus\fpc\2.2.2\source\rtl\objpas\sysutils\"/>
      <OtherUnitFiles Value="C:\Lazarus\components\synedit\;C:\Lazarus\components\virtualtreeview\;C:\Lazarus\fpc\2.2.2\source\packages\winunits-jedi\src\;$(LazarusDir)\lcl\units\$(TargetCPU)-$(TargetOS)\"/>
      <UnitOutputDirectory Value="C:\LAAzProj\IDE16\ppus"/>
    </SearchPaths>
    <Parsing>
      <SyntaxOptions>
        <CStyleOperator Value="False"/>
        <UseAnsiStrings Value="True"/>
      </SyntaxOptions>
    </Parsing>
    <CodeGeneration>
      <TargetOS Value="Win32"/>
    </CodeGeneration>
    <Other>
      <WriteFPCLogo Value="False"/>
      <CompilerPath Value="$(CompPath)"/>
    </Other>
  </CompilerOptions>
  <Debugging>
    <BreakPoints Count="30">
      <Item1>
        <Source Value="main.pas"/>
        <Line Value="1004"/>
      </Item1>
      <Item2>
        <Source Value="main.pas"/>
        <Line Value="1140"/>
      </Item2>
      <Item3>
        <Source Value="main.pas"/>
        <Line Value="1255"/>
      </Item3>
      <Item4>
        <Source Value="main.pas"/>
        <Line Value="1711"/>
      </Item4>
      <Item5>
        <Source Value="main.pas"/>
        <Line Value="2026"/>
      </Item5>
      <Item6>
        <Source Value="main.pas"/>
        <Line Value="796"/>
      </Item6>
      <Item7>
        <Source Value="main.pas"/>
        <Line Value="827"/>
      </Item7>
      <Item9>
        <Source Value="LPSolveIDE.dpr"/>
        <Line Value="83"/>
      </Item9>
      <Item10>
        <Source Value="LPSolveIDE.dpr"/>
        <Line Value="87"/>
      </Item10>
      <Item11>
        <Source Value="lpobject.pas"/>
        <Line Value="2214"/>
      </Item11>
      <Item12>
        <Source Value="LPSynedit.pas"/>
        <Line Value="32"/>
      </Item12>
      <Item13>
        <Source Value="LPSynedit.pas"/>
        <Line Value="40"/>
      </Item13>
      <Item14>
        <Source Value="LPSynedit.pas"/>
        <Line Value="39"/>
      </Item14>
      <Item15>
        <Source Value="main.pas"/>
        <Line Value="1978"/>
      </Item15>
      <Item16>
        <Source Value="..\..\Lazarus\components\synedit\synedit.pp"/>
        <Line Value="3270"/>
      </Item16>
      <Item17>
        <Source Value="LPSolveIDE.dpr"/>
        <Line Value="75"/>
      </Item17>
      <Item18>
        <Source Value="..\..\Lazarus\components\synedit\synedit.pp"/>
        <Line Value="3283"/>
      </Item18>
      <Item19>
        <Source Value="..\..\Lazarus\components\synedit\synedit.pp"/>
        <Line Value="3225"/>
      </Item19>
      <Item20>
        <Source Value="..\..\Lazarus\components\synedit\synedit.pp"/>
        <Line Value="3380"/>
      </Item20>
      <Item21>
        <Source Value="..\..\Lazarus\components\synedit\synedit.pp"/>
        <Line Value="3389"/>
      </Item21>
      <Item22>
        <Source Value="LPSolveIDE.dpr"/>
        <Line Value="78"/>
      </Item22>
      <Item23>
        <Source Value="..\..\Lazarus\lcl\include\application.inc"/>
        <Line Value="1867"/>
      </Item23>
      <Item24>
        <Source Value="..\..\Lazarus\lcl\include\application.inc"/>
        <Line Value="1861"/>
      </Item24>
      <Item25>
        <Source Value="..\..\Lazarus\lcl\include\wincontrol.inc"/>
        <Line Value="3229"/>
      </Item25>
      <Item26>
        <Source Value="..\..\Lazarus\lcl\controls.pp"/>
        <Line Value="2418"/>
      </Item26>
      <Item27>
        <Source Value="main.pas"/>
        <Line Value="1958"/>
      </Item27>
      <Item28>
        <Source Value="LPSolveIDE.dpr"/>
        <Line Value="79"/>
      </Item28>
      <Item29>
        <Source Value="lpobject.pas"/>
        <Line Value="1440"/>
      </Item29>
      <Item30>
        <Source Value="main.pas"/>
        <Line Value="2357"/>
      </Item30>
    </BreakPoints>
    <Exceptions Count="3">
      <Item1>
        <Name Value="EAbort"/>
      </Item1>
      <Item2>
        <Name Value="ECodetoolError"/>
      </Item2>
      <Item3>
        <Name Value="EFOpenError"/>
      </Item3>
    </Exceptions>
  </Debugging>
</CONFIG>
