<?xml version="1.0"?>
<CONFIG>
  <ProjectOptions>
    <PathDelim Value="\"/>
    <Version Value="7"/>
    <General>
      <Flags>
        <MainUnitHasTitleStatement Value="False"/>
      </Flags>
      <MainUnit Value="0"/>
      <TargetFileExt Value=".exe"/>
      <Title Value="LPSolveIDE"/>
      <Icon Value="0"/>
      <UseXPManifest Value="True"/>
      <ActiveEditorIndexAtStart Value="8"/>
    </General>
    <VersionInfo>
      <UseVersionInfo Value="True"/>
      <CurrentVersionNr Value="5"/>
      <CurrentMajorRevNr Value="5"/>
      <CurrentBuildNr Value="15"/>
      <ProjectVersion Value="5.5.0.15"/>
      <InternalName Value="LPsolveIDE55Laz"/>
    </VersionInfo>
    <PublishOptions>
      <Version Value="2"/>
      <IgnoreBinaries Value="False"/>
      <IncludeFileFilter Value="*.(pas|pp|inc|lfm|lpr|lrs|lpi|lpk|sh|xml)"/>
      <ExcludeFileFilter Value="*.(bak|ppu|ppw|o|so);*~;backup"/>
    </PublishOptions>
    <RunParams>
      <local>
        <FormatVersion Value="1"/>
        <LaunchingApplication PathPlusParams="/usr/X11R6/bin/xterm -T 'Lazarus Run Output' -e $(LazarusDir)/tools/runwait.sh $(TargetCmdLine)"/>
        <WorkingDirectory Value="C:\LAAzProj\IDE16\ppus"/>
      </local>
    </RunParams>
    <RequiredPackages Count="3">
      <Item1>
        <PackageName Value="virtualtreeslcl"/>
      </Item1>
      <Item2>
        <PackageName Value="SynEdit"/>
      </Item2>
      <Item3>
        <PackageName Value="LCL"/>
      </Item3>
    </RequiredPackages>
    <Units Count="65">
      <Unit0>
        <Filename Value="LPSolveIDE.dpr"/>
        <IsPartOfProject Value="True"/>
        <UnitName Value="LPSolveIDE"/>
        <CursorPos X="13" Y="72"/>
        <TopLine Value="53"/>
        <EditorIndex Value="8"/>
        <UsageCount Value="218"/>
        <Loaded Value="True"/>
      </Unit0>
      <Unit1>
        <Filename Value="main.pas"/>
        <ComponentName Value="MainForm"/>
        <HasResources Value="True"/>
        <ResourceBaseClass Value="Form"/>
        <UnitName Value="main"/>
        <CursorPos X="4" Y="174"/>
        <TopLine Value="1"/>
        <EditorIndex Value="1"/>
        <UsageCount Value="108"/>
        <Loaded Value="True"/>
      </Unit1>
      <Unit2>
        <Filename Value="ResultArray.pas"/>
        <IsPartOfProject Value="True"/>
        <UnitName Value="ResultArray"/>
        <CursorPos X="1" Y="87"/>
        <TopLine Value="59"/>
        <UsageCount Value="218"/>
      </Unit2>
      <Unit3>
        <Filename Value="lpsolve.pas"/>
        <IsPartOfProject Value="True"/>
        <UnitName Value="lpsolve"/>
        <CursorPos X="12" Y="45"/>
        <TopLine Value="35"/>
        <EditorIndex Value="6"/>
        <UsageCount Value="218"/>
        <Loaded Value="True"/>
      </Unit3>
      <Unit4>
        <Filename Value="lpobject.pas"/>
        <IsPartOfProject Value="True"/>
        <UnitName Value="lpobject"/>
        <CursorPos X="82" Y="1457"/>
        <TopLine Value="1434"/>
        <EditorIndex Value="5"/>
        <UsageCount Value="218"/>
        <Loaded Value="True"/>
      </Unit4>
      <Unit5>
        <Filename Value="dlgSearchText.pas"/>
        <ComponentName Value="TextSearchDialog"/>
        <HasResources Value="True"/>
        <IsPartOfProject Value="True"/>
        <ResourceBaseClass Value="Form"/>
        <UnitName Value="dlgSearchText"/>
        <CursorPos X="1" Y="202"/>
        <TopLine Value="180"/>
        <EditorIndex Value="3"/>
        <UsageCount Value="218"/>
        <Loaded Value="True"/>
      </Unit5>
      <Unit6>
        <Filename Value="dlgSearchText.lfm"/>
        <IsPartOfProject Value="True"/>
        <CursorPos X="1" Y="1"/>
        <TopLine Value="1"/>
        <EditorIndex Value="2"/>
        <UsageCount Value="218"/>
        <Loaded Value="True"/>
        <SyntaxHighlighter Value="LFM"/>
      </Unit6>
      <Unit7>
        <Filename Value="..\virtualtreeview\virtualtrees.pas"/>
        <IsPartOfProject Value="True"/>
        <UnitName Value="VirtualTrees"/>
        <CursorPos X="45" Y="6520"/>
        <TopLine Value="6500"/>
        <UsageCount Value="208"/>
      </Unit7>
      <Unit8>
        <Filename Value="LPSynedit.pas"/>
        <UnitName Value="LPSynedit"/>
        <CursorPos X="1" Y="52"/>
        <TopLine Value="36"/>
        <UsageCount Value="73"/>
      </Unit8>
      <Unit9>
        <Filename Value="..\virtualtreeview\windows\virtualtreeslcl.pas"/>
        <UnitName Value="virtualtreeslcl"/>
        <CursorPos X="10" Y="22"/>
        <TopLine Value="1"/>
        <UsageCount Value="13"/>
      </Unit9>
      <Unit10>
        <Filename Value="..\..\lcl\menus.pp"/>
        <IsPartOfProject Value="True"/>
        <UnitName Value="Menus"/>
        <CursorPos X="22" Y="180"/>
        <TopLine Value="177"/>
        <UsageCount Value="274"/>
      </Unit10>
      <Unit11>
        <Filename Value="dlgStatistics.pas"/>
        <ComponentName Value="StatisticsForm"/>
        <HasResources Value="True"/>
        <ResourceBaseClass Value="Form"/>
        <UnitName Value="dlgStatistics"/>
        <CursorPos X="56" Y="62"/>
        <TopLine Value="20"/>
        <EditorIndex Value="7"/>
        <UsageCount Value="100"/>
        <Loaded Value="True"/>
      </Unit11>
      <Unit12>
        <Filename Value="dlgAbout.pas"/>
        <ComponentName Value="AboutForm"/>
        <HasResources Value="True"/>
        <ResourceBaseClass Value="Form"/>
        <UnitName Value="dlgAbout"/>
        <CursorPos X="55" Y="20"/>
        <TopLine Value="16"/>
        <UsageCount Value="59"/>
      </Unit12>
      <Unit13>
        <Filename Value="Params.pas"/>
        <UnitName Value="Params"/>
        <CursorPos X="65" Y="6"/>
        <TopLine Value="1"/>
        <UsageCount Value="87"/>
      </Unit13>
      <Unit14>
        <Filename Value="..\..\Lazarus\components\synedit\synedit.pp"/>
        <UnitName Value="SynEdit"/>
        <CursorPos X="1" Y="4126"/>
        <TopLine Value="4110"/>
        <UsageCount Value="99"/>
      </Unit14>
      <Unit15>
        <Filename Value="..\..\Lazarus\fpc\2.2.2\source\rtl\win\sysutils.pp"/>
        <IsPartOfProject Value="True"/>
        <UnitName Value="sysutils"/>
        <CursorPos X="64" Y="1211"/>
        <TopLine Value="1195"/>
        <UsageCount Value="224"/>
      </Unit15>
      <Unit16>
        <Filename Value="..\..\Lazarus\fpc\2.2.2\source\packages\winunits-jedi\src\ModuleLoader.pas"/>
        <UnitName Value="ModuleLoader"/>
        <CursorPos X="26" Y="123"/>
        <TopLine Value="97"/>
        <UsageCount Value="20"/>
      </Unit16>
      <Unit17>
        <Filename Value="..\..\Lazarus\components\synedit\synmemo.pas"/>
        <UnitName Value="SynMemo"/>
        <CursorPos X="3" Y="69"/>
        <TopLine Value="53"/>
        <UsageCount Value="19"/>
      </Unit17>
      <Unit18>
        <Filename Value="..\..\Lazarus\lcl\clipbrd.pp"/>
        <UnitName Value="Clipbrd"/>
        <CursorPos X="1" Y="264"/>
        <TopLine Value="248"/>
        <UsageCount Value="24"/>
      </Unit18>
      <Unit19>
        <Filename Value="..\..\Lazarus\fpc\2.2.2\source\rtl\objpas\classes\classesh.inc"/>
        <CursorPos X="3" Y="1456"/>
        <TopLine Value="1440"/>
        <UsageCount Value="94"/>
      </Unit19>
      <Unit20>
        <Filename Value="..\..\Lazarus\components\virtualtreeview\virtualstringtree.pas"/>
        <UnitName Value="VirtualStringTree"/>
        <CursorPos X="14" Y="209"/>
        <TopLine Value="67"/>
        <UsageCount Value="4"/>
      </Unit20>
      <Unit21>
        <Filename Value="..\..\Lazarus\lcl\comctrls.pp"/>
        <UnitName Value="ComCtrls"/>
        <CursorPos X="3" Y="1692"/>
        <TopLine Value="67"/>
        <UsageCount Value="4"/>
      </Unit21>
      <Unit22>
        <Filename Value="..\..\Lazarus\lcl\include\application.inc"/>
        <CursorPos X="1" Y="1861"/>
        <TopLine Value="1843"/>
        <UsageCount Value="75"/>
      </Unit22>
      <Unit23>
        <Filename Value="dlgXLIParameters.pas"/>
        <ComponentName Value="XLIParametersForm"/>
        <HasResources Value="True"/>
        <ResourceBaseClass Value="Form"/>
        <UnitName Value="dlgXLIParameters"/>
        <CursorPos X="51" Y="25"/>
        <TopLine Value="1"/>
        <UsageCount Value="3"/>
      </Unit23>
      <Unit24>
        <Filename Value="main.lfm"/>
        <CursorPos X="1" Y="1"/>
        <TopLine Value="1"/>
        <EditorIndex Value="0"/>
        <UsageCount Value="70"/>
        <Loaded Value="True"/>
        <SyntaxHighlighter Value="LFM"/>
      </Unit24>
      <Unit25>
        <Filename Value="..\..\Lazarus\lcl\include\customform.inc"/>
        <CursorPos X="1" Y="2200"/>
        <TopLine Value="2184"/>
        <UsageCount Value="65"/>
      </Unit25>
      <Unit26>
        <Filename Value="..\..\Lazarus\lcl\include\control.inc"/>
        <CursorPos X="25" Y="3735"/>
        <TopLine Value="3728"/>
        <UsageCount Value="46"/>
      </Unit26>
      <Unit27>
        <Filename Value="..\..\Lazarus\lcl\lclproc.pas"/>
        <UnitName Value="LCLProc"/>
        <CursorPos X="1" Y="1482"/>
        <TopLine Value="1466"/>
        <UsageCount Value="56"/>
      </Unit27>
      <Unit28>
        <Filename Value="..\..\Lazarus\lcl\include\wincontrol.inc"/>
        <CursorPos X="1" Y="6804"/>
        <TopLine Value="6788"/>
        <UsageCount Value="11"/>
      </Unit28>
      <Unit29>
        <Filename Value="..\..\Lazarus\lcl\lresources.pp"/>
        <UnitName Value="LResources"/>
        <CursorPos X="1" Y="2978"/>
        <TopLine Value="2962"/>
        <UsageCount Value="65"/>
      </Unit29>
      <Unit30>
        <Filename Value="..\..\Lazarus\fpc\2.2.2\source\rtl\win\sysosh.inc"/>
        <CursorPos X="3" Y="22"/>
        <TopLine Value="6"/>
        <UsageCount Value="55"/>
      </Unit30>
      <Unit31>
        <Filename Value="..\..\Lazarus\fpc\2.2.2\source\rtl\objpas\objpas.pp"/>
        <UnitName Value="objpas"/>
        <CursorPos X="8" Y="29"/>
        <TopLine Value="13"/>
        <UsageCount Value="54"/>
      </Unit31>
      <Unit32>
        <Filename Value="..\..\Lazarus\lcl\include\customnotebook.inc"/>
        <CursorPos X="1" Y="458"/>
        <TopLine Value="442"/>
        <UsageCount Value="13"/>
      </Unit32>
      <Unit33>
        <Filename Value="LPHighlighter.pas"/>
        <UnitName Value="LPHighlighter"/>
        <CursorPos X="1" Y="658"/>
        <TopLine Value="642"/>
        <UsageCount Value="4"/>
      </Unit33>
      <Unit34>
        <Filename Value="..\..\Lazarus\lcl\lclclasses.pp"/>
        <UnitName Value="LCLClasses"/>
        <CursorPos X="33" Y="38"/>
        <TopLine Value="22"/>
        <UsageCount Value="10"/>
      </Unit34>
      <Unit35>
        <Filename Value="..\..\Lazarus\lcl\widgetset\wslclclasses.pp"/>
        <UnitName Value="WSLCLClasses"/>
        <CursorPos X="1" Y="138"/>
        <TopLine Value="122"/>
        <UsageCount Value="11"/>
      </Unit35>
      <Unit36>
        <Filename Value="..\..\Lazarus\lcl\include\customcontrol.inc"/>
        <CursorPos X="1" Y="109"/>
        <TopLine Value="93"/>
        <UsageCount Value="9"/>
      </Unit36>
      <Unit37>
        <Filename Value="..\..\Lazarus\lcl\include\scrollingwincontrol.inc"/>
        <CursorPos X="1" Y="242"/>
        <TopLine Value="226"/>
        <UsageCount Value="2"/>
      </Unit37>
      <Unit38>
        <Filename Value="..\..\Lazarus\lcl\include\controlcanvas.inc"/>
        <CursorPos X="1" Y="58"/>
        <TopLine Value="38"/>
        <UsageCount Value="2"/>
      </Unit38>
      <Unit39>
        <Filename Value="..\..\Lazarus\components\synedit\synedittextbuffer.pp"/>
        <UnitName Value="SynEditTextBuffer"/>
        <CursorPos X="1" Y="674"/>
        <TopLine Value="658"/>
        <UsageCount Value="8"/>
      </Unit39>
      <Unit40>
        <Filename Value="..\..\Lazarus\lcl\forms.pp"/>
        <UnitName Value="Forms"/>
        <CursorPos X="38" Y="148"/>
        <TopLine Value="132"/>
        <UsageCount Value="12"/>
      </Unit40>
      <Unit41>
        <Filename Value="..\..\Lazarus\components\synedit\synedithighlighter.pp"/>
        <UnitName Value="SynEditHighlighter"/>
        <CursorPos X="25" Y="270"/>
        <TopLine Value="254"/>
        <UsageCount Value="4"/>
      </Unit41>
      <Unit42>
        <Filename Value="..\..\Lazarus\components\synedit\syneditfoldedview.pp"/>
        <UnitName Value="SynEditFoldedView"/>
        <CursorPos X="1" Y="1639"/>
        <TopLine Value="1623"/>
        <UsageCount Value="4"/>
      </Unit42>
      <Unit43>
        <Filename Value="..\..\Lazarus\lcl\include\canvas.inc"/>
        <CursorPos X="1" Y="1502"/>
        <TopLine Value="1486"/>
        <UsageCount Value="1"/>
      </Unit43>
      <Unit44>
        <Filename Value="..\..\Lazarus\lcl\lclmessageglue.pas"/>
        <UnitName Value="LCLMessageGlue"/>
        <CursorPos X="1" Y="109"/>
        <TopLine Value="93"/>
        <UsageCount Value="1"/>
      </Unit44>
      <Unit45>
        <Filename Value="..\..\Lazarus\lcl\interfaces\win32\win32callback.inc"/>
        <CursorPos X="84" Y="2571"/>
        <TopLine Value="2553"/>
        <UsageCount Value="1"/>
      </Unit45>
      <Unit46>
        <Filename Value="..\..\Lazarus\lcl\include\custompage.inc"/>
        <CursorPos X="1" Y="224"/>
        <TopLine Value="208"/>
        <UsageCount Value="9"/>
      </Unit46>
      <Unit47>
        <Filename Value="..\..\Lazarus\lcl\widgetset\wscontrols.pp"/>
        <UnitName Value="WSControls"/>
        <CursorPos X="1" Y="177"/>
        <TopLine Value="161"/>
        <UsageCount Value="9"/>
      </Unit47>
      <Unit48>
        <Filename Value="..\..\Lazarus\lcl\include\winapi.inc"/>
        <CursorPos X="1" Y="375"/>
        <TopLine Value="359"/>
        <UsageCount Value="9"/>
      </Unit48>
      <Unit49>
        <Filename Value=""/>
        <UsageCount Value="9"/>
        <SyntaxHighlighter Value="None"/>
      </Unit49>
      <Unit50>
        <Filename Value="dlgAbout.lfm"/>
        <CursorPos X="1" Y="1"/>
        <TopLine Value="1"/>
        <UsageCount Value="12"/>
        <SyntaxHighlighter Value="LFM"/>
      </Unit50>
      <Unit51>
        <Filename Value="..\..\Lazarus\lcl\include\menuitem.inc"/>
        <CursorPos X="1" Y="73"/>
        <TopLine Value="57"/>
        <UsageCount Value="11"/>
      </Unit51>
      <Unit52>
        <Filename Value="..\..\Lazarus\components\virtualtreeview\virtualtrees.pas"/>
        <UnitName Value="VirtualTrees"/>
        <CursorPos X="1" Y="7459"/>
        <TopLine Value="472"/>
        <UsageCount Value="50"/>
      </Unit52>
      <Unit53>
        <Filename Value="..\..\Lazarus\components\synedit\synedittextbase.pas"/>
        <UnitName Value="SynEditTextBase"/>
        <CursorPos X="1" Y="288"/>
        <TopLine Value="272"/>
        <UsageCount Value="19"/>
      </Unit53>
      <Unit54>
        <Filename Value="..\..\Lazarus\components\synedit\synedittexttrimmer.pas"/>
        <UnitName Value="SynEditTextTrimmer"/>
        <CursorPos X="1" Y="326"/>
        <TopLine Value="310"/>
        <UsageCount Value="12"/>
      </Unit54>
      <Unit55>
        <Filename Value="..\..\Lazarus\lcl\include\statuspanels.inc"/>
        <CursorPos X="1" Y="34"/>
        <TopLine Value="18"/>
        <UsageCount Value="23"/>
      </Unit55>
      <Unit56>
        <Filename Value="..\..\Lazarus\lcl\fileutil.pas"/>
        <UnitName Value="FileUtil"/>
        <CursorPos X="19" Y="187"/>
        <TopLine Value="218"/>
        <UsageCount Value="9"/>
      </Unit56>
      <Unit57>
        <Filename Value="..\..\Lazarus\lcl\include\fileutil.inc"/>
        <CursorPos X="1" Y="106"/>
        <TopLine Value="90"/>
        <UsageCount Value="9"/>
      </Unit57>
      <Unit58>
        <Filename Value="..\..\Lazarus\components\synedit\syneditpointclasses.pas"/>
        <UnitName Value="SynEditPointClasses"/>
        <CursorPos X="1" Y="446"/>
        <TopLine Value="430"/>
        <UsageCount Value="11"/>
      </Unit58>
      <Unit59>
        <Filename Value="..\..\Lazarus\lcl\include\clipbrd.inc"/>
        <CursorPos X="1" Y="146"/>
        <TopLine Value="130"/>
        <UsageCount Value="11"/>
      </Unit59>
      <Unit60>
        <Filename Value="dlgGotoLine.pas"/>
        <ComponentName Value="GotoLineForm"/>
        <HasResources Value="True"/>
        <ResourceBaseClass Value="Form"/>
        <UnitName Value="dlgGotoLine"/>
        <CursorPos X="19" Y="14"/>
        <TopLine Value="5"/>
        <EditorIndex Value="4"/>
        <UsageCount Value="18"/>
        <Loaded Value="True"/>
      </Unit60>
      <Unit61>
        <Filename Value="..\..\Lazarus\lcl\stdctrls.pp"/>
        <UnitName Value="StdCtrls"/>
        <CursorPos X="23" Y="712"/>
        <TopLine Value="751"/>
        <UsageCount Value="11"/>
      </Unit61>
      <Unit62>
        <Filename Value="..\..\Lazarus\lcl\menus.pp"/>
        <UnitName Value="Menus"/>
        <CursorPos X="3" Y="280"/>
        <TopLine Value="334"/>
        <UsageCount Value="9"/>
      </Unit62>
      <Unit63>
        <Filename Value="..\..\Lazarus\lcl\lcltype.pp"/>
        <UnitName Value="LCLType"/>
        <CursorPos X="3" Y="65"/>
        <TopLine Value="49"/>
        <UsageCount Value="9"/>
      </Unit63>
      <Unit64>
        <Filename Value="..\..\Lazarus\fpc\2.2.2\source\packages\winunits-jedi\src\jwawinuser.pas"/>
        <UnitName Value="JwaWinUser"/>
        <CursorPos X="69" Y="11948"/>
        <TopLine Value="11927"/>
        <UsageCount Value="9"/>
      </Unit64>
    </Units>
    <JumpHistory Count="9" HistoryIndex="8">
      <Position1>
        <Filename Value="main.pas"/>
        <Caret Line="23" Column="55" TopLine="1"/>
      </Position1>
      <Position2>
        <Filename Value="main.pas"/>
        <Caret Line="174" Column="4" TopLine="1"/>
      </Position2>
      <Position3>
        <Filename Value="main.pas"/>
        <Caret Line="1256" Column="47" TopLine="1240"/>
      </Position3>
      <Position4>
        <Filename Value="main.pas"/>
        <Caret Line="1263" Column="4" TopLine="1247"/>
      </Position4>
      <Position5>
        <Filename Value="LPSolveIDE.dpr"/>
        <Caret Line="75" Column="1" TopLine="51"/>
      </Position5>
      <Position6>
        <Filename Value="main.pas"/>
        <Caret Line="174" Column="2" TopLine="166"/>
      </Position6>
      <Position7>
        <Filename Value="dlgSearchText.pas"/>
        <Caret Line="202" Column="1" TopLine="180"/>
      </Position7>
      <Position8>
        <Filename Value="main.pas"/>
        <Caret Line="174" Column="4" TopLine="1"/>
      </Position8>
      <Position9>
        <Filename Value="LPSolveIDE.dpr"/>
        <Caret Line="77" Column="13" TopLine="53"/>
      </Position9>
    </JumpHistory>
  </ProjectOptions>
  <CompilerOptions>
    <Version Value="8"/>
    <PathDelim Value="\"/>
    <SearchPaths>
      <IncludeFiles Value="$(ProjOutDir)\;$(LazarusDir)\lcl\include\;$(LazarusDir)\fpc\2.2.2\source\rtl\objpas\sysutils\"/>
      <OtherUnitFiles Value="ppus\;$(LazarusDir)\components\synedit\;$(LazarusDir)\components\virtualtreeview\;$(LazarusDir)\fpc\2.2.2\source\packages\winunits-jedi\src\;$(LazarusDir)\lcl\;$(LazarusDir)\lcl\widgetset\;$(LazarusDir)\lcl\interfaces\$(TargetOS)\;$(LazarusDir)\lcl\units\$(TargetCPU)-$(TargetOS)\"/>
      <UnitOutputDirectory Value="C:\LAAzProj\IDE16\ppus"/>
    </SearchPaths>
    <Parsing>
      <SyntaxOptions>
        <CStyleOperator Value="False"/>
        <UseAnsiStrings Value="True"/>
      </SyntaxOptions>
    </Parsing>
    <CodeGeneration>
      <TargetOS Value="Win32"/>
    </CodeGeneration>
    <Other>
      <WriteFPCLogo Value="False"/>
      <CompilerPath Value="$(CompPath)"/>
    </Other>
  </CompilerOptions>
  <Debugging>
    <BreakPoints Count="9">
      <Item1>
        <Source Value="main.pas"/>
        <Line Value="1261"/>
      </Item1>
      <Item2>
        <Source Value="..\..\Lazarus\lcl\include\statuspanels.inc"/>
        <Line Value="34"/>
      </Item2>
      <Item3>
        <Source Value="main.pas"/>
        <Line Value="999"/>
      </Item3>
      <Item4>
        <Source Value="lpobject.pas"/>
        <Line Value="1450"/>
      </Item4>
      <Item5>
        <Source Value="main.pas"/>
        <Line Value="1259"/>
      </Item5>
      <Item6>
        <Source Value="dlgGotoLine.pas"/>
        <Line Value="62"/>
      </Item6>
      <Item7>
        <Source Value="dlgGotoLine.pas"/>
        <Line Value="63"/>
      </Item7>
      <Item8>
        <Source Value="dlgGotoLine.pas"/>
        <Line Value="43"/>
      </Item8>
      <Item9>
        <Source Value="main.pas"/>
        <Line Value="1262"/>
      </Item9>
    </BreakPoints>
    <Exceptions Count="3">
      <Item1>
        <Name Value="EAbort"/>
      </Item1>
      <Item2>
        <Name Value="ECodetoolError"/>
      </Item2>
      <Item3>
        <Name Value="EFOpenError"/>
      </Item3>
    </Exceptions>
  </Debugging>
</CONFIG>
